
Microsoft Visual Studio Solution File, Format Version 12.00
# Visual Studio 15
VisualStudioVersion = 15.0.28307.1972
MinimumVisualStudioVersion = 10.0.40219.1
Project("{FAE04EC0-301F-11D3-BF4B-00C04F79EFBC}") = "Stack", "Stack\Stack.csproj", "{B57C495E-CB73-4B3D-A2AE-6D782D27AC3D}"
EndProject
Global
	GlobalSection(SolutionConfigurationPlatforms) = preSolution
		Debug|Any CPU = Debug|Any CPU
		Release|Any CPU = Release|Any CPU
	EndGlobalSection
	GlobalSection(ProjectConfigurationPlatforms) = postSolution
		{B57C495E-CB73-4B3D-A2AE-6D782D27AC3D}.Debug|Any CPU.ActiveCfg = Debug|Any CPU
		{B57C495E-CB73-4B3D-A2AE-6D782D27AC3D}.Debug|Any CPU.Build.0 = Debug|Any CPU
		{B57C495E-CB73-4B3D-A2AE-6D782D27AC3D}.Release|Any CPU.ActiveCfg = Release|Any CPU
		{B57C495E-CB73-4B3D-A2AE-6D782D27AC3D}.Release|Any CPU.Build.0 = Release|Any CPU
	EndGlobalSection
	GlobalSection(SolutionProperties) = preSolution
		HideSolutionNode = FALSE
	EndGlobalSection
	GlobalSection(ExtensibilityGlobals) = postSolution
		SolutionGuid = {220E4D49-E3E8-4EFF-9A1F-A59C2ACA2A4F}
	EndGlobalSection
EndGlobal
